
Microsoft Visual Studio Solution File, Format Version 12.00
# Visual Studio 2012
Project("{FAE04EC0-301F-11D3-BF4B-00C04F79EFBC}") = "TwoOfTheKing", "TwoOfTheKing\TwoOfTheKing.csproj", "{2EFB14B0-38B4-41BE-AE6C-FEAB9E207103}"
EndProject
Global
	GlobalSection(SolutionConfigurationPlatforms) = preSolution
		Debug|Any CPU = Debug|Any CPU
		Release|Any CPU = Release|Any CPU
	EndGlobalSection
	GlobalSection(ProjectConfigurationPlatforms) = postSolution
		{2EFB14B0-38B4-41BE-AE6C-FEAB9E207103}.Debug|Any CPU.ActiveCfg = Debug|Any CPU
		{2EFB14B0-38B4-41BE-AE6C-FEAB9E207103}.Debug|Any CPU.Build.0 = Debug|Any CPU
		{2EFB14B0-38B4-41BE-AE6C-FEAB9E207103}.Release|Any CPU.ActiveCfg = Release|Any CPU
		{2EFB14B0-38B4-41BE-AE6C-FEAB9E207103}.Release|Any CPU.Build.0 = Release|Any CPU
	EndGlobalSection
	GlobalSection(SolutionProperties) = preSolution
		HideSolutionNode = FALSE
	EndGlobalSection
EndGlobal
